
Microsoft Visual Studio Solution File, Format Version 12.00
# Visual Studio Version 17
VisualStudioVersion = 17.6.33815.320
MinimumVisualStudioVersion = 10.0.40219.1
Project("{8BC9CEB8-8B4A-11D0-8D11-00A0C91BC942}") = "Program", "Program.vcxproj", "{CF2B9DA9-A902-4AAF-980A-5C4F1CFF0A38}"
EndProject
Project("{8BC9CEB8-8B4A-11D0-8D11-00A0C91BC942}") = "Class1th", "..\Class1th\Class1th.vcxproj", "{09D4BB2D-8D79-4770-A96C-8851A899888D}"
EndProject
Project("{8BC9CEB8-8B4A-11D0-8D11-00A0C91BC942}") = "Class2th", "..\Class2th\Class2th.vcxproj", "{D186135C-1322-4FBA-A2D6-BBF35E32A8A0}"
EndProject
Project("{8BC9CEB8-8B4A-11D0-8D11-00A0C91BC942}") = "Class3th", "..\Class3th\Class3th.vcxproj", "{F32DC8E5-578F-47BE-9041-F85C3236FD67}"
EndProject
Project("{8BC9CEB8-8B4A-11D0-8D11-00A0C91BC942}") = "Class4th", "..\Class4th\Class4th.vcxproj", "{DC7FC2FF-7C48-4483-9A81-C1D134CDB0CB}"
EndProject
Project("{8BC9CEB8-8B4A-11D0-8D11-00A0C91BC942}") = "Class5th", "..\Class5th\Class5th.vcxproj", "{FF7D697F-9A49-4B56-B731-DE28B5C0E52D}"
EndProject
Project("{8BC9CEB8-8B4A-11D0-8D11-00A0C91BC942}") = "Class6th", "..\Class6th\Class6th.vcxproj", "{A5BFC9F2-20E7-4E0F-BA42-9BEEC813F024}"
EndProject
Project("{8BC9CEB8-8B4A-11D0-8D11-00A0C91BC942}") = "Class7th", "..\Class7th\Class7th.vcxproj", "{53D2093F-FC3D-4255-9546-D46D4367E563}"
EndProject
Project("{8BC9CEB8-8B4A-11D0-8D11-00A0C91BC942}") = "Class8th", "..\Class8th\Class8th.vcxproj", "{0C4104FD-26B9-4EE3-9E97-A9EEB4F80C02}"
EndProject
Project("{8BC9CEB8-8B4A-11D0-8D11-00A0C91BC942}") = "Class9th", "..\Class9th\Class9th.vcxproj", "{5F556F86-F027-45E2-B9E4-023BF198AFFF}"
EndProject
Global
	GlobalSection(SolutionConfigurationPlatforms) = preSolution
		Debug|x64 = Debug|x64
		Debug|x86 = Debug|x86
		Release|x64 = Release|x64
		Release|x86 = Release|x86
	EndGlobalSection
	GlobalSection(ProjectConfigurationPlatforms) = postSolution
		{CF2B9DA9-A902-4AAF-980A-5C4F1CFF0A38}.Debug|x64.ActiveCfg = Debug|x64
		{CF2B9DA9-A902-4AAF-980A-5C4F1CFF0A38}.Debug|x64.Build.0 = Debug|x64
		{CF2B9DA9-A902-4AAF-980A-5C4F1CFF0A38}.Debug|x86.ActiveCfg = Debug|Win32
		{CF2B9DA9-A902-4AAF-980A-5C4F1CFF0A38}.Debug|x86.Build.0 = Debug|Win32
		{CF2B9DA9-A902-4AAF-980A-5C4F1CFF0A38}.Release|x64.ActiveCfg = Release|x64
		{CF2B9DA9-A902-4AAF-980A-5C4F1CFF0A38}.Release|x64.Build.0 = Release|x64
		{CF2B9DA9-A902-4AAF-980A-5C4F1CFF0A38}.Release|x86.ActiveCfg = Release|Win32
		{CF2B9DA9-A902-4AAF-980A-5C4F1CFF0A38}.Release|x86.Build.0 = Release|Win32
		{09D4BB2D-8D79-4770-A96C-8851A899888D}.Debug|x64.ActiveCfg = Debug|x64
		{09D4BB2D-8D79-4770-A96C-8851A899888D}.Debug|x64.Build.0 = Debug|x64
		{09D4BB2D-8D79-4770-A96C-8851A899888D}.Debug|x86.ActiveCfg = Debug|Win32
		{09D4BB2D-8D79-4770-A96C-8851A899888D}.Debug|x86.Build.0 = Debug|Win32
		{09D4BB2D-8D79-4770-A96C-8851A899888D}.Release|x64.ActiveCfg = Release|x64
		{09D4BB2D-8D79-4770-A96C-8851A899888D}.Release|x64.Build.0 = Release|x64
		{09D4BB2D-8D79-4770-A96C-8851A899888D}.Release|x86.ActiveCfg = Release|Win32
		{09D4BB2D-8D79-4770-A96C-8851A899888D}.Release|x86.Build.0 = Release|Win32
		{D186135C-1322-4FBA-A2D6-BBF35E32A8A0}.Debug|x64.ActiveCfg = Debug|x64
		{D186135C-1322-4FBA-A2D6-BBF35E32A8A0}.Debug|x64.Build.0 = Debug|x64
		{D186135C-1322-4FBA-A2D6-BBF35E32A8A0}.Debug|x86.ActiveCfg = Debug|Win32
		{D186135C-1322-4FBA-A2D6-BBF35E32A8A0}.Debug|x86.Build.0 = Debug|Win32
		{D186135C-1322-4FBA-A2D6-BBF35E32A8A0}.Release|x64.ActiveCfg = Release|x64
		{D186135C-1322-4FBA-A2D6-BBF35E32A8A0}.Release|x64.Build.0 = Release|x64
		{D186135C-1322-4FBA-A2D6-BBF35E32A8A0}.Release|x86.ActiveCfg = Release|Win32
		{D186135C-1322-4FBA-A2D6-BBF35E32A8A0}.Release|x86.Build.0 = Release|Win32
		{F32DC8E5-578F-47BE-9041-F85C3236FD67}.Debug|x64.ActiveCfg = Debug|x64
		{F32DC8E5-578F-47BE-9041-F85C3236FD67}.Debug|x64.Build.0 = Debug|x64
		{F32DC8E5-578F-47BE-9041-F85C3236FD67}.Debug|x86.ActiveCfg = Debug|Win32
		{F32DC8E5-578F-47BE-9041-F85C3236FD67}.Debug|x86.Build.0 = Debug|Win32
		{F32DC8E5-578F-47BE-9041-F85C3236FD67}.Release|x64.ActiveCfg = Release|x64
		{F32DC8E5-578F-47BE-9041-F85C3236FD67}.Release|x64.Build.0 = Release|x64
		{F32DC8E5-578F-47BE-9041-F85C3236FD67}.Release|x86.ActiveCfg = Release|Win32
		{F32DC8E5-578F-47BE-9041-F85C3236FD67}.Release|x86.Build.0 = Release|Win32
		{DC7FC2FF-7C48-4483-9A81-C1D134CDB0CB}.Debug|x64.ActiveCfg = Debug|x64
		{DC7FC2FF-7C48-4483-9A81-C1D134CDB0CB}.Debug|x64.Build.0 = Debug|x64
		{DC7FC2FF-7C48-4483-9A81-C1D134CDB0CB}.Debug|x86.ActiveCfg = Debug|Win32
		{DC7FC2FF-7C48-4483-9A81-C1D134CDB0CB}.Debug|x86.Build.0 = Debug|Win32
		{DC7FC2FF-7C48-4483-9A81-C1D134CDB0CB}.Release|x64.ActiveCfg = Release|x64
		{DC7FC2FF-7C48-4483-9A81-C1D134CDB0CB}.Release|x64.Build.0 = Release|x64
		{DC7FC2FF-7C48-4483-9A81-C1D134CDB0CB}.Release|x86.ActiveCfg = Release|Win32
		{DC7FC2FF-7C48-4483-9A81-C1D134CDB0CB}.Release|x86.Build.0 = Release|Win32
		{FF7D697F-9A49-4B56-B731-DE28B5C0E52D}.Debug|x64.ActiveCfg = Debug|x64
		{FF7D697F-9A49-4B56-B731-DE28B5C0E52D}.Debug|x64.Build.0 = Debug|x64
		{FF7D697F-9A49-4B56-B731-DE28B5C0E52D}.Debug|x86.ActiveCfg = Debug|Win32
		{FF7D697F-9A49-4B56-B731-DE28B5C0E52D}.Debug|x86.Build.0 = Debug|Win32
		{FF7D697F-9A49-4B56-B731-DE28B5C0E52D}.Release|x64.ActiveCfg = Release|x64
		{FF7D697F-9A49-4B56-B731-DE28B5C0E52D}.Release|x64.Build.0 = Release|x64
		{FF7D697F-9A49-4B56-B731-DE28B5C0E52D}.Release|x86.ActiveCfg = Release|Win32
		{FF7D697F-9A49-4B56-B731-DE28B5C0E52D}.Release|x86.Build.0 = Release|Win32
		{A5BFC9F2-20E7-4E0F-BA42-9BEEC813F024}.Debug|x64.ActiveCfg = Debug|x64
		{A5BFC9F2-20E7-4E0F-BA42-9BEEC813F024}.Debug|x64.Build.0 = Debug|x64
		{A5BFC9F2-20E7-4E0F-BA42-9BEEC813F024}.Debug|x86.ActiveCfg = Debug|Win32
		{A5BFC9F2-20E7-4E0F-BA42-9BEEC813F024}.Debug|x86.Build.0 = Debug|Win32
		{A5BFC9F2-20E7-4E0F-BA42-9BEEC813F024}.Release|x64.ActiveCfg = Release|x64
		{A5BFC9F2-20E7-4E0F-BA42-9BEEC813F024}.Release|x64.Build.0 = Release|x64
		{A5BFC9F2-20E7-4E0F-BA42-9BEEC813F024}.Release|x86.ActiveCfg = Release|Win32
		{A5BFC9F2-20E7-4E0F-BA42-9BEEC813F024}.Release|x86.Build.0 = Release|Win32
		{53D2093F-FC3D-4255-9546-D46D4367E563}.Debug|x64.ActiveCfg = Debug|x64
		{53D2093F-FC3D-4255-9546-D46D4367E563}.Debug|x64.Build.0 = Debug|x64
		{53D2093F-FC3D-4255-9546-D46D4367E563}.Debug|x86.ActiveCfg = Debug|Win32
		{53D2093F-FC3D-4255-9546-D46D4367E563}.Debug|x86.Build.0 = Debug|Win32
		{53D2093F-FC3D-4255-9546-D46D4367E563}.Release|x64.ActiveCfg = Release|x64
		{53D2093F-FC3D-4255-9546-D46D4367E563}.Release|x64.Build.0 = Release|x64
		{53D2093F-FC3D-4255-9546-D46D4367E563}.Release|x86.ActiveCfg = Release|Win32
		{53D2093F-FC3D-4255-9546-D46D4367E563}.Release|x86.Build.0 = Release|Win32
		{0C4104FD-26B9-4EE3-9E97-A9EEB4F80C02}.Debug|x64.ActiveCfg = Debug|x64
		{0C4104FD-26B9-4EE3-9E97-A9EEB4F80C02}.Debug|x64.Build.0 = Debug|x64
		{0C4104FD-26B9-4EE3-9E97-A9EEB4F80C02}.Debug|x86.ActiveCfg = Debug|Win32
		{0C4104FD-26B9-4EE3-9E97-A9EEB4F80C02}.Debug|x86.Build.0 = Debug|Win32
		{0C4104FD-26B9-4EE3-9E97-A9EEB4F80C02}.Release|x64.ActiveCfg = Release|x64
		{0C4104FD-26B9-4EE3-9E97-A9EEB4F80C02}.Release|x64.Build.0 = Release|x64
		{0C4104FD-26B9-4EE3-9E97-A9EEB4F80C02}.Release|x86.ActiveCfg = Release|Win32
		{0C4104FD-26B9-4EE3-9E97-A9EEB4F80C02}.Release|x86.Build.0 = Release|Win32
		{5F556F86-F027-45E2-B9E4-023BF198AFFF}.Debug|x64.ActiveCfg = Debug|x64
		{5F556F86-F027-45E2-B9E4-023BF198AFFF}.Debug|x64.Build.0 = Debug|x64
		{5F556F86-F027-45E2-B9E4-023BF198AFFF}.Debug|x86.ActiveCfg = Debug|Win32
		{5F556F86-F027-45E2-B9E4-023BF198AFFF}.Debug|x86.Build.0 = Debug|Win32
		{5F556F86-F027-45E2-B9E4-023BF198AFFF}.Release|x64.ActiveCfg = Release|x64
		{5F556F86-F027-45E2-B9E4-023BF198AFFF}.Release|x64.Build.0 = Release|x64
		{5F556F86-F027-45E2-B9E4-023BF198AFFF}.Release|x86.ActiveCfg = Release|Win32
		{5F556F86-F027-45E2-B9E4-023BF198AFFF}.Release|x86.Build.0 = Release|Win32
	EndGlobalSection
	GlobalSection(SolutionProperties) = preSolution
		HideSolutionNode = FALSE
	EndGlobalSection
	GlobalSection(ExtensibilityGlobals) = postSolution
		SolutionGuid = {AD7B0196-B5ED-44E6-BD5F-0D163232764F}
	EndGlobalSection
EndGlobal
